
Microsoft Visual Studio Solution File, Format Version 12.00
# Visual Studio Version 17
VisualStudioVersion = 17.1.32210.238
MinimumVisualStudioVersion = 10.0.40219.1
Project("{9A19103F-16F7-4668-BE54-9A1E7A4F7556}") = "KeMBody.UI", "KeMBody\KeMBody.UI.csproj", "{EB6C1DF1-C168-4A3E-886E-EC3773159C95}"
EndProject
Project("{2150E333-8FDC-42A3-9474-1A3956D46DE8}") = "Solution Items", "Solution Items", "{2996A5FC-253F-4D63-91C2-1277E70DA303}"
	ProjectSection(SolutionItems) = preProject
		.editorconfig = .editorconfig
		.gitattributes = .gitattributes
		.gitignore = .gitignore
		Source Items\KeMBodyKey.snk = Source Items\KeMBodyKey.snk
		LICENSE = LICENSE
		README.md = README.md
	EndProjectSection
EndProject
Project("{9A19103F-16F7-4668-BE54-9A1E7A4F7556}") = "KeMBody.ViewModels", "KeMBody.ViewModels\KeMBody.ViewModels.csproj", "{3C590642-0D40-4361-B016-8E5D9D5E3809}"
EndProject
Project("{9A19103F-16F7-4668-BE54-9A1E7A4F7556}") = "KeMBody.Extensions", "KeMBody.Extensions\KeMBody.Extensions.csproj", "{2159575E-9385-4565-8608-74FA41023004}"
EndProject
Project("{9A19103F-16F7-4668-BE54-9A1E7A4F7556}") = "KeMBody.Resources", "KeMBody.Resources\KeMBody.Resources.csproj", "{739E6D43-4322-4EDA-9889-0A5FB8640E6A}"
EndProject
Project("{FAE04EC0-301F-11D3-BF4B-00C04F79EFBC}") = "KeMBody.Enumerations", "KeMBody.Enumerations\KeMBody.Enumerations.csproj", "{43296ED7-A12E-4F7D-826D-FB322460BD50}"
EndProject
Global
	GlobalSection(SolutionConfigurationPlatforms) = preSolution
		Debug|Any CPU = Debug|Any CPU
		Release|Any CPU = Release|Any CPU
	EndGlobalSection
	GlobalSection(ProjectConfigurationPlatforms) = postSolution
		{EB6C1DF1-C168-4A3E-886E-EC3773159C95}.Debug|Any CPU.ActiveCfg = Debug|Any CPU
		{EB6C1DF1-C168-4A3E-886E-EC3773159C95}.Debug|Any CPU.Build.0 = Debug|Any CPU
		{EB6C1DF1-C168-4A3E-886E-EC3773159C95}.Release|Any CPU.ActiveCfg = Release|Any CPU
		{EB6C1DF1-C168-4A3E-886E-EC3773159C95}.Release|Any CPU.Build.0 = Release|Any CPU
		{3C590642-0D40-4361-B016-8E5D9D5E3809}.Debug|Any CPU.ActiveCfg = Debug|Any CPU
		{3C590642-0D40-4361-B016-8E5D9D5E3809}.Debug|Any CPU.Build.0 = Debug|Any CPU
		{3C590642-0D40-4361-B016-8E5D9D5E3809}.Release|Any CPU.ActiveCfg = Release|Any CPU
		{3C590642-0D40-4361-B016-8E5D9D5E3809}.Release|Any CPU.Build.0 = Release|Any CPU
		{2159575E-9385-4565-8608-74FA41023004}.Debug|Any CPU.ActiveCfg = Debug|Any CPU
		{2159575E-9385-4565-8608-74FA41023004}.Debug|Any CPU.Build.0 = Debug|Any CPU
		{2159575E-9385-4565-8608-74FA41023004}.Release|Any CPU.ActiveCfg = Release|Any CPU
		{2159575E-9385-4565-8608-74FA41023004}.Release|Any CPU.Build.0 = Release|Any CPU
		{739E6D43-4322-4EDA-9889-0A5FB8640E6A}.Debug|Any CPU.ActiveCfg = Debug|Any CPU
		{739E6D43-4322-4EDA-9889-0A5FB8640E6A}.Debug|Any CPU.Build.0 = Debug|Any CPU
		{739E6D43-4322-4EDA-9889-0A5FB8640E6A}.Release|Any CPU.ActiveCfg = Release|Any CPU
		{739E6D43-4322-4EDA-9889-0A5FB8640E6A}.Release|Any CPU.Build.0 = Release|Any CPU
		{43296ED7-A12E-4F7D-826D-FB322460BD50}.Debug|Any CPU.ActiveCfg = Debug|Any CPU
		{43296ED7-A12E-4F7D-826D-FB322460BD50}.Debug|Any CPU.Build.0 = Debug|Any CPU
		{43296ED7-A12E-4F7D-826D-FB322460BD50}.Release|Any CPU.ActiveCfg = Release|Any CPU
		{43296ED7-A12E-4F7D-826D-FB322460BD50}.Release|Any CPU.Build.0 = Release|Any CPU
	EndGlobalSection
	GlobalSection(SolutionProperties) = preSolution
		HideSolutionNode = FALSE
	EndGlobalSection
	GlobalSection(ExtensibilityGlobals) = postSolution
		SolutionGuid = {0E63400A-2070-4777-9398-DD1455CFFA1F}
	EndGlobalSection
EndGlobal
